
Microsoft Visual Studio Solution File, Format Version 12.00
# Visual Studio 2013
VisualStudioVersion = 12.0.30626.0
MinimumVisualStudioVersion = 10.0.40219.1
Project("{FAE04EC0-301F-11D3-BF4B-00C04F79EFBC}") = "PortiLog", "PortiLog\PortiLog.csproj", "{C35190CE-B767-4032-B0C9-1EEB23275DCC}"
EndProject
Project("{FAE04EC0-301F-11D3-BF4B-00C04F79EFBC}") = "PortiLog.WindowsPhone", "PortiLog.WindowsPhone\PortiLog.WindowsPhone.csproj", "{448F332C-C550-4E06-B8D9-EADF15B21C74}"
EndProject
Project("{FAE04EC0-301F-11D3-BF4B-00C04F79EFBC}") = "PortiLog.WindowsStore", "PortiLog.WindowsStore\PortiLog.WindowsStore.csproj", "{FC7DECF0-9E1A-4173-82BC-D676AFDBF6B4}"
EndProject
Project("{2150E333-8FDC-42A3-9474-1A3956D46DE8}") = "Solution Items", "Solution Items", "{41626592-A016-4BD8-A165-D1DEE35541F5}"
	ProjectSection(SolutionItems) = preProject
		GlobalAssemblyInfo.cs = GlobalAssemblyInfo.cs
		license.txt = license.txt
		Notes.txt = Notes.txt
	EndProjectSection
EndProject
Project("{FAE04EC0-301F-11D3-BF4B-00C04F79EFBC}") = "PortiLog.WindowsPhone.Test", "PortiLog.WindowsPhone.Test\PortiLog.WindowsPhone.Test.csproj", "{D1BC808F-B37E-49B7-ADF1-2648A931F221}"
EndProject
Project("{FAE04EC0-301F-11D3-BF4B-00C04F79EFBC}") = "PortiLog.WindowsStore.Test", "PortiLog.WindowsStore.Test\PortiLog.WindowsStore.Test.csproj", "{B896735F-1B2A-45E3-B52E-85C728E590AE}"
EndProject
Project("{FAE04EC0-301F-11D3-BF4B-00C04F79EFBC}") = "PortiLog.WindowsPhone81", "PortiLog.WindowsPhone81\PortiLog.WindowsPhone81.csproj", "{9D9DE178-EFA3-4332-851C-8DC6C7B0245F}"
EndProject
Project("{FAE04EC0-301F-11D3-BF4B-00C04F79EFBC}") = "PortiLog.WindowsPhone81.Test", "PortiLog.WindowsPhone81.Test\PortiLog.WindowsPhone81.Test.csproj", "{8DEDDC56-D375-4A2C-8C67-86DAB198F1BA}"
EndProject
Global
	GlobalSection(SolutionConfigurationPlatforms) = preSolution
		Debug|Any CPU = Debug|Any CPU
		Debug|ARM = Debug|ARM
		Debug|Mixed Platforms = Debug|Mixed Platforms
		Debug|x64 = Debug|x64
		Debug|x86 = Debug|x86
		Release|Any CPU = Release|Any CPU
		Release|ARM = Release|ARM
		Release|Mixed Platforms = Release|Mixed Platforms
		Release|x64 = Release|x64
		Release|x86 = Release|x86
	EndGlobalSection
	GlobalSection(ProjectConfigurationPlatforms) = postSolution
		{C35190CE-B767-4032-B0C9-1EEB23275DCC}.Debug|Any CPU.ActiveCfg = Debug|Any CPU
		{C35190CE-B767-4032-B0C9-1EEB23275DCC}.Debug|Any CPU.Build.0 = Debug|Any CPU
		{C35190CE-B767-4032-B0C9-1EEB23275DCC}.Debug|ARM.ActiveCfg = Debug|Any CPU
		{C35190CE-B767-4032-B0C9-1EEB23275DCC}.Debug|Mixed Platforms.ActiveCfg = Debug|Any CPU
		{C35190CE-B767-4032-B0C9-1EEB23275DCC}.Debug|Mixed Platforms.Build.0 = Debug|Any CPU
		{C35190CE-B767-4032-B0C9-1EEB23275DCC}.Debug|x64.ActiveCfg = Debug|Any CPU
		{C35190CE-B767-4032-B0C9-1EEB23275DCC}.Debug|x86.ActiveCfg = Debug|Any CPU
		{C35190CE-B767-4032-B0C9-1EEB23275DCC}.Release|Any CPU.ActiveCfg = Release|Any CPU
		{C35190CE-B767-4032-B0C9-1EEB23275DCC}.Release|Any CPU.Build.0 = Release|Any CPU
		{C35190CE-B767-4032-B0C9-1EEB23275DCC}.Release|ARM.ActiveCfg = Release|Any CPU
		{C35190CE-B767-4032-B0C9-1EEB23275DCC}.Release|Mixed Platforms.ActiveCfg = Release|Any CPU
		{C35190CE-B767-4032-B0C9-1EEB23275DCC}.Release|Mixed Platforms.Build.0 = Release|Any CPU
		{C35190CE-B767-4032-B0C9-1EEB23275DCC}.Release|x64.ActiveCfg = Release|Any CPU
		{C35190CE-B767-4032-B0C9-1EEB23275DCC}.Release|x86.ActiveCfg = Release|Any CPU
		{448F332C-C550-4E06-B8D9-EADF15B21C74}.Debug|Any CPU.ActiveCfg = Debug|Any CPU
		{448F332C-C550-4E06-B8D9-EADF15B21C74}.Debug|Any CPU.Build.0 = Debug|Any CPU
		{448F332C-C550-4E06-B8D9-EADF15B21C74}.Debug|ARM.ActiveCfg = Debug|ARM
		{448F332C-C550-4E06-B8D9-EADF15B21C74}.Debug|ARM.Build.0 = Debug|ARM
		{448F332C-C550-4E06-B8D9-EADF15B21C74}.Debug|Mixed Platforms.ActiveCfg = Debug|Any CPU
		{448F332C-C550-4E06-B8D9-EADF15B21C74}.Debug|Mixed Platforms.Build.0 = Debug|Any CPU
		{448F332C-C550-4E06-B8D9-EADF15B21C74}.Debug|x64.ActiveCfg = Debug|Any CPU
		{448F332C-C550-4E06-B8D9-EADF15B21C74}.Debug|x86.ActiveCfg = Debug|x86
		{448F332C-C550-4E06-B8D9-EADF15B21C74}.Debug|x86.Build.0 = Debug|x86
		{448F332C-C550-4E06-B8D9-EADF15B21C74}.Release|Any CPU.ActiveCfg = Release|Any CPU
		{448F332C-C550-4E06-B8D9-EADF15B21C74}.Release|Any CPU.Build.0 = Release|Any CPU
		{448F332C-C550-4E06-B8D9-EADF15B21C74}.Release|ARM.ActiveCfg = Release|ARM
		{448F332C-C550-4E06-B8D9-EADF15B21C74}.Release|ARM.Build.0 = Release|ARM
		{448F332C-C550-4E06-B8D9-EADF15B21C74}.Release|Mixed Platforms.ActiveCfg = Release|Any CPU
		{448F332C-C550-4E06-B8D9-EADF15B21C74}.Release|Mixed Platforms.Build.0 = Release|Any CPU
		{448F332C-C550-4E06-B8D9-EADF15B21C74}.Release|x64.ActiveCfg = Release|Any CPU
		{448F332C-C550-4E06-B8D9-EADF15B21C74}.Release|x86.ActiveCfg = Release|x86
		{448F332C-C550-4E06-B8D9-EADF15B21C74}.Release|x86.Build.0 = Release|x86
		{FC7DECF0-9E1A-4173-82BC-D676AFDBF6B4}.Debug|Any CPU.ActiveCfg = Debug|Any CPU
		{FC7DECF0-9E1A-4173-82BC-D676AFDBF6B4}.Debug|Any CPU.Build.0 = Debug|Any CPU
		{FC7DECF0-9E1A-4173-82BC-D676AFDBF6B4}.Debug|ARM.ActiveCfg = Debug|ARM
		{FC7DECF0-9E1A-4173-82BC-D676AFDBF6B4}.Debug|ARM.Build.0 = Debug|ARM
		{FC7DECF0-9E1A-4173-82BC-D676AFDBF6B4}.Debug|Mixed Platforms.ActiveCfg = Debug|Any CPU
		{FC7DECF0-9E1A-4173-82BC-D676AFDBF6B4}.Debug|Mixed Platforms.Build.0 = Debug|Any CPU
		{FC7DECF0-9E1A-4173-82BC-D676AFDBF6B4}.Debug|x64.ActiveCfg = Debug|x64
		{FC7DECF0-9E1A-4173-82BC-D676AFDBF6B4}.Debug|x64.Build.0 = Debug|x64
		{FC7DECF0-9E1A-4173-82BC-D676AFDBF6B4}.Debug|x86.ActiveCfg = Debug|x86
		{FC7DECF0-9E1A-4173-82BC-D676AFDBF6B4}.Debug|x86.Build.0 = Debug|x86
		{FC7DECF0-9E1A-4173-82BC-D676AFDBF6B4}.Release|Any CPU.ActiveCfg = Release|Any CPU
		{FC7DECF0-9E1A-4173-82BC-D676AFDBF6B4}.Release|Any CPU.Build.0 = Release|Any CPU
		{FC7DECF0-9E1A-4173-82BC-D676AFDBF6B4}.Release|ARM.ActiveCfg = Release|ARM
		{FC7DECF0-9E1A-4173-82BC-D676AFDBF6B4}.Release|ARM.Build.0 = Release|ARM
		{FC7DECF0-9E1A-4173-82BC-D676AFDBF6B4}.Release|Mixed Platforms.ActiveCfg = Release|Any CPU
		{FC7DECF0-9E1A-4173-82BC-D676AFDBF6B4}.Release|Mixed Platforms.Build.0 = Release|Any CPU
		{FC7DECF0-9E1A-4173-82BC-D676AFDBF6B4}.Release|x64.ActiveCfg = Release|x64
		{FC7DECF0-9E1A-4173-82BC-D676AFDBF6B4}.Release|x64.Build.0 = Release|x64
		{FC7DECF0-9E1A-4173-82BC-D676AFDBF6B4}.Release|x86.ActiveCfg = Release|x86
		{FC7DECF0-9E1A-4173-82BC-D676AFDBF6B4}.Release|x86.Build.0 = Release|x86
		{D1BC808F-B37E-49B7-ADF1-2648A931F221}.Debug|Any CPU.ActiveCfg = Debug|x86
		{D1BC808F-B37E-49B7-ADF1-2648A931F221}.Debug|ARM.ActiveCfg = Debug|ARM
		{D1BC808F-B37E-49B7-ADF1-2648A931F221}.Debug|ARM.Build.0 = Debug|ARM
		{D1BC808F-B37E-49B7-ADF1-2648A931F221}.Debug|ARM.Deploy.0 = Debug|ARM
		{D1BC808F-B37E-49B7-ADF1-2648A931F221}.Debug|Mixed Platforms.ActiveCfg = Debug|ARM
		{D1BC808F-B37E-49B7-ADF1-2648A931F221}.Debug|Mixed Platforms.Build.0 = Debug|ARM
		{D1BC808F-B37E-49B7-ADF1-2648A931F221}.Debug|Mixed Platforms.Deploy.0 = Debug|ARM
		{D1BC808F-B37E-49B7-ADF1-2648A931F221}.Debug|x64.ActiveCfg = Debug|x86
		{D1BC808F-B37E-49B7-ADF1-2648A931F221}.Debug|x86.ActiveCfg = Debug|x86
		{D1BC808F-B37E-49B7-ADF1-2648A931F221}.Debug|x86.Build.0 = Debug|x86
		{D1BC808F-B37E-49B7-ADF1-2648A931F221}.Debug|x86.Deploy.0 = Debug|x86
		{D1BC808F-B37E-49B7-ADF1-2648A931F221}.Release|Any CPU.ActiveCfg = Release|x86
		{D1BC808F-B37E-49B7-ADF1-2648A931F221}.Release|ARM.ActiveCfg = Release|ARM
		{D1BC808F-B37E-49B7-ADF1-2648A931F221}.Release|ARM.Build.0 = Release|ARM
		{D1BC808F-B37E-49B7-ADF1-2648A931F221}.Release|ARM.Deploy.0 = Release|ARM
		{D1BC808F-B37E-49B7-ADF1-2648A931F221}.Release|Mixed Platforms.ActiveCfg = Release|ARM
		{D1BC808F-B37E-49B7-ADF1-2648A931F221}.Release|Mixed Platforms.Build.0 = Release|ARM
		{D1BC808F-B37E-49B7-ADF1-2648A931F221}.Release|Mixed Platforms.Deploy.0 = Release|ARM
		{D1BC808F-B37E-49B7-ADF1-2648A931F221}.Release|x64.ActiveCfg = Release|x86
		{D1BC808F-B37E-49B7-ADF1-2648A931F221}.Release|x86.ActiveCfg = Release|x86
		{D1BC808F-B37E-49B7-ADF1-2648A931F221}.Release|x86.Build.0 = Release|x86
		{D1BC808F-B37E-49B7-ADF1-2648A931F221}.Release|x86.Deploy.0 = Release|x86
		{B896735F-1B2A-45E3-B52E-85C728E590AE}.Debug|Any CPU.ActiveCfg = Debug|Any CPU
		{B896735F-1B2A-45E3-B52E-85C728E590AE}.Debug|Any CPU.Build.0 = Debug|Any CPU
		{B896735F-1B2A-45E3-B52E-85C728E590AE}.Debug|Any CPU.Deploy.0 = Debug|Any CPU
		{B896735F-1B2A-45E3-B52E-85C728E590AE}.Debug|ARM.ActiveCfg = Debug|ARM
		{B896735F-1B2A-45E3-B52E-85C728E590AE}.Debug|ARM.Build.0 = Debug|ARM
		{B896735F-1B2A-45E3-B52E-85C728E590AE}.Debug|ARM.Deploy.0 = Debug|ARM
		{B896735F-1B2A-45E3-B52E-85C728E590AE}.Debug|Mixed Platforms.ActiveCfg = Debug|x86
		{B896735F-1B2A-45E3-B52E-85C728E590AE}.Debug|Mixed Platforms.Build.0 = Debug|x86
		{B896735F-1B2A-45E3-B52E-85C728E590AE}.Debug|Mixed Platforms.Deploy.0 = Debug|x86
		{B896735F-1B2A-45E3-B52E-85C728E590AE}.Debug|x64.ActiveCfg = Debug|x64
		{B896735F-1B2A-45E3-B52E-85C728E590AE}.Debug|x64.Build.0 = Debug|x64
		{B896735F-1B2A-45E3-B52E-85C728E590AE}.Debug|x64.Deploy.0 = Debug|x64
		{B896735F-1B2A-45E3-B52E-85C728E590AE}.Debug|x86.ActiveCfg = Debug|x86
		{B896735F-1B2A-45E3-B52E-85C728E590AE}.Debug|x86.Build.0 = Debug|x86
		{B896735F-1B2A-45E3-B52E-85C728E590AE}.Debug|x86.Deploy.0 = Debug|x86
		{B896735F-1B2A-45E3-B52E-85C728E590AE}.Release|Any CPU.ActiveCfg = Release|Any CPU
		{B896735F-1B2A-45E3-B52E-85C728E590AE}.Release|Any CPU.Build.0 = Release|Any CPU
		{B896735F-1B2A-45E3-B52E-85C728E590AE}.Release|Any CPU.Deploy.0 = Release|Any CPU
		{B896735F-1B2A-45E3-B52E-85C728E590AE}.Release|ARM.ActiveCfg = Release|ARM
		{B896735F-1B2A-45E3-B52E-85C728E590AE}.Release|ARM.Build.0 = Release|ARM
		{B896735F-1B2A-45E3-B52E-85C728E590AE}.Release|ARM.Deploy.0 = Release|ARM
		{B896735F-1B2A-45E3-B52E-85C728E590AE}.Release|Mixed Platforms.ActiveCfg = Release|x86
		{B896735F-1B2A-45E3-B52E-85C728E590AE}.Release|Mixed Platforms.Build.0 = Release|x86
		{B896735F-1B2A-45E3-B52E-85C728E590AE}.Release|Mixed Platforms.Deploy.0 = Release|x86
		{B896735F-1B2A-45E3-B52E-85C728E590AE}.Release|x64.ActiveCfg = Release|x64
		{B896735F-1B2A-45E3-B52E-85C728E590AE}.Release|x64.Build.0 = Release|x64
		{B896735F-1B2A-45E3-B52E-85C728E590AE}.Release|x64.Deploy.0 = Release|x64
		{B896735F-1B2A-45E3-B52E-85C728E590AE}.Release|x86.ActiveCfg = Release|x86
		{B896735F-1B2A-45E3-B52E-85C728E590AE}.Release|x86.Build.0 = Release|x86
		{B896735F-1B2A-45E3-B52E-85C728E590AE}.Release|x86.Deploy.0 = Release|x86
		{9D9DE178-EFA3-4332-851C-8DC6C7B0245F}.Debug|Any CPU.ActiveCfg = Debug|Any CPU
		{9D9DE178-EFA3-4332-851C-8DC6C7B0245F}.Debug|Any CPU.Build.0 = Debug|Any CPU
		{9D9DE178-EFA3-4332-851C-8DC6C7B0245F}.Debug|ARM.ActiveCfg = Debug|ARM
		{9D9DE178-EFA3-4332-851C-8DC6C7B0245F}.Debug|ARM.Build.0 = Debug|ARM
		{9D9DE178-EFA3-4332-851C-8DC6C7B0245F}.Debug|Mixed Platforms.ActiveCfg = Debug|x86
		{9D9DE178-EFA3-4332-851C-8DC6C7B0245F}.Debug|Mixed Platforms.Build.0 = Debug|x86
		{9D9DE178-EFA3-4332-851C-8DC6C7B0245F}.Debug|x64.ActiveCfg = Debug|Any CPU
		{9D9DE178-EFA3-4332-851C-8DC6C7B0245F}.Debug|x86.ActiveCfg = Debug|x86
		{9D9DE178-EFA3-4332-851C-8DC6C7B0245F}.Debug|x86.Build.0 = Debug|x86
		{9D9DE178-EFA3-4332-851C-8DC6C7B0245F}.Release|Any CPU.ActiveCfg = Release|Any CPU
		{9D9DE178-EFA3-4332-851C-8DC6C7B0245F}.Release|Any CPU.Build.0 = Release|Any CPU
		{9D9DE178-EFA3-4332-851C-8DC6C7B0245F}.Release|ARM.ActiveCfg = Release|ARM
		{9D9DE178-EFA3-4332-851C-8DC6C7B0245F}.Release|ARM.Build.0 = Release|ARM
		{9D9DE178-EFA3-4332-851C-8DC6C7B0245F}.Release|Mixed Platforms.ActiveCfg = Release|x86
		{9D9DE178-EFA3-4332-851C-8DC6C7B0245F}.Release|Mixed Platforms.Build.0 = Release|x86
		{9D9DE178-EFA3-4332-851C-8DC6C7B0245F}.Release|x64.ActiveCfg = Release|Any CPU
		{9D9DE178-EFA3-4332-851C-8DC6C7B0245F}.Release|x86.ActiveCfg = Release|x86
		{9D9DE178-EFA3-4332-851C-8DC6C7B0245F}.Release|x86.Build.0 = Release|x86
		{8DEDDC56-D375-4A2C-8C67-86DAB198F1BA}.Debug|Any CPU.ActiveCfg = Debug|x86
		{8DEDDC56-D375-4A2C-8C67-86DAB198F1BA}.Debug|ARM.ActiveCfg = Debug|ARM
		{8DEDDC56-D375-4A2C-8C67-86DAB198F1BA}.Debug|ARM.Build.0 = Debug|ARM
		{8DEDDC56-D375-4A2C-8C67-86DAB198F1BA}.Debug|ARM.Deploy.0 = Debug|ARM
		{8DEDDC56-D375-4A2C-8C67-86DAB198F1BA}.Debug|Mixed Platforms.ActiveCfg = Debug|x86
		{8DEDDC56-D375-4A2C-8C67-86DAB198F1BA}.Debug|Mixed Platforms.Build.0 = Debug|x86
		{8DEDDC56-D375-4A2C-8C67-86DAB198F1BA}.Debug|Mixed Platforms.Deploy.0 = Debug|x86
		{8DEDDC56-D375-4A2C-8C67-86DAB198F1BA}.Debug|x64.ActiveCfg = Debug|x86
		{8DEDDC56-D375-4A2C-8C67-86DAB198F1BA}.Debug|x86.ActiveCfg = Debug|x86
		{8DEDDC56-D375-4A2C-8C67-86DAB198F1BA}.Debug|x86.Build.0 = Debug|x86
		{8DEDDC56-D375-4A2C-8C67-86DAB198F1BA}.Debug|x86.Deploy.0 = Debug|x86
		{8DEDDC56-D375-4A2C-8C67-86DAB198F1BA}.Release|Any CPU.ActiveCfg = Release|x86
		{8DEDDC56-D375-4A2C-8C67-86DAB198F1BA}.Release|ARM.ActiveCfg = Release|ARM
		{8DEDDC56-D375-4A2C-8C67-86DAB198F1BA}.Release|ARM.Build.0 = Release|ARM
		{8DEDDC56-D375-4A2C-8C67-86DAB198F1BA}.Release|ARM.Deploy.0 = Release|ARM
		{8DEDDC56-D375-4A2C-8C67-86DAB198F1BA}.Release|Mixed Platforms.ActiveCfg = Release|x86
		{8DEDDC56-D375-4A2C-8C67-86DAB198F1BA}.Release|Mixed Platforms.Build.0 = Release|x86
		{8DEDDC56-D375-4A2C-8C67-86DAB198F1BA}.Release|Mixed Platforms.Deploy.0 = Release|x86
		{8DEDDC56-D375-4A2C-8C67-86DAB198F1BA}.Release|x64.ActiveCfg = Release|x86
		{8DEDDC56-D375-4A2C-8C67-86DAB198F1BA}.Release|x86.ActiveCfg = Release|x86
		{8DEDDC56-D375-4A2C-8C67-86DAB198F1BA}.Release|x86.Build.0 = Release|x86
		{8DEDDC56-D375-4A2C-8C67-86DAB198F1BA}.Release|x86.Deploy.0 = Release|x86
	EndGlobalSection
	GlobalSection(SolutionProperties) = preSolution
		HideSolutionNode = FALSE
	EndGlobalSection
EndGlobal
