
Microsoft Visual Studio Solution File, Format Version 12.00
# Visual Studio 2012
Project("{FAE04EC0-301F-11D3-BF4B-00C04F79EFBC}") = "PortiLog.Monitor", "PortiLog.Monitor\PortiLog.Monitor.csproj", "{BB8CAB66-0BFD-428E-B9B0-FB30B8101E38}"
EndProject
Global
	GlobalSection(SolutionConfigurationPlatforms) = preSolution
		Debug|Any CPU = Debug|Any CPU
		Release|Any CPU = Release|Any CPU
	EndGlobalSection
	GlobalSection(ProjectConfigurationPlatforms) = postSolution
		{BB8CAB66-0BFD-428E-B9B0-FB30B8101E38}.Debug|Any CPU.ActiveCfg = Debug|Any CPU
		{BB8CAB66-0BFD-428E-B9B0-FB30B8101E38}.Debug|Any CPU.Build.0 = Debug|Any CPU
		{BB8CAB66-0BFD-428E-B9B0-FB30B8101E38}.Release|Any CPU.ActiveCfg = Release|Any CPU
		{BB8CAB66-0BFD-428E-B9B0-FB30B8101E38}.Release|Any CPU.Build.0 = Release|Any CPU
	EndGlobalSection
	GlobalSection(SolutionProperties) = preSolution
		HideSolutionNode = FALSE
	EndGlobalSection
EndGlobal
